
Microsoft Visual Studio Solution File, Format Version 12.00
# Visual Studio Version 17
VisualStudioVersion = 17.5.002.0
MinimumVisualStudioVersion = 10.0.40219.1
Project("{9A19103F-16F7-4668-BE54-9A1E7A4F7556}") = "DefTestes", "DefTestes.csproj", "{79067D99-04C3-47B3-AB07-0CC755D0E628}"
EndProject
Project("{FAE04EC0-301F-11D3-BF4B-00C04F79EFBC}") = "TestesUnitarios", "TestesUnitarios\TestesUnitarios.csproj", "{B957ABB1-8D51-427D-A0DF-3221701AAC82}"
EndProject
Project("{FAE04EC0-301F-11D3-BF4B-00C04F79EFBC}") = "TestesUnitariosTests", "TestesUnitariosTests\TestesUnitariosTests.csproj", "{270F6DED-A064-4060-ABE9-3E748AE0C642}"
EndProject
Global
	GlobalSection(SolutionConfigurationPlatforms) = preSolution
		Debug|Any CPU = Debug|Any CPU
		Release|Any CPU = Release|Any CPU
	EndGlobalSection
	GlobalSection(ProjectConfigurationPlatforms) = postSolution
		{79067D99-04C3-47B3-AB07-0CC755D0E628}.Debug|Any CPU.ActiveCfg = Debug|Any CPU
		{79067D99-04C3-47B3-AB07-0CC755D0E628}.Debug|Any CPU.Build.0 = Debug|Any CPU
		{79067D99-04C3-47B3-AB07-0CC755D0E628}.Release|Any CPU.ActiveCfg = Release|Any CPU
		{79067D99-04C3-47B3-AB07-0CC755D0E628}.Release|Any CPU.Build.0 = Release|Any CPU
		{B957ABB1-8D51-427D-A0DF-3221701AAC82}.Debug|Any CPU.ActiveCfg = Debug|Any CPU
		{B957ABB1-8D51-427D-A0DF-3221701AAC82}.Debug|Any CPU.Build.0 = Debug|Any CPU
		{B957ABB1-8D51-427D-A0DF-3221701AAC82}.Release|Any CPU.ActiveCfg = Release|Any CPU
		{B957ABB1-8D51-427D-A0DF-3221701AAC82}.Release|Any CPU.Build.0 = Release|Any CPU
		{270F6DED-A064-4060-ABE9-3E748AE0C642}.Debug|Any CPU.ActiveCfg = Debug|Any CPU
		{270F6DED-A064-4060-ABE9-3E748AE0C642}.Debug|Any CPU.Build.0 = Debug|Any CPU
		{270F6DED-A064-4060-ABE9-3E748AE0C642}.Release|Any CPU.ActiveCfg = Release|Any CPU
		{270F6DED-A064-4060-ABE9-3E748AE0C642}.Release|Any CPU.Build.0 = Release|Any CPU
	EndGlobalSection
	GlobalSection(SolutionProperties) = preSolution
		HideSolutionNode = FALSE
	EndGlobalSection
	GlobalSection(ExtensibilityGlobals) = postSolution
		SolutionGuid = {128B59E3-F9E3-4951-B029-A41F7376688C}
	EndGlobalSection
EndGlobal
